github.com/gethugothemes/hugo-modules/adsense v0.0.0-20240925042433-d2b5d05977e8 h1:ewKsG7Nfk55KHJbOLiRNHu01UURu6fS6RWA2RY6S8k4=
github.com/gethugothemes/hugo-modules/adsense v0.0.0-20240925042433-d2b5d05977e8/go.mod h1:8p/gG/cyyu20z4q5cFN/JGE5TOFA55Xsp+aIP9KCsqo=
github.com/gethugothemes/hugo-modules/components/cookie-consent v0.0.0-20240925042433-d2b5d05977e8 h1:oIO0o2wdY2Jhkz+NyzTgwizCGSf6V0IGumuD985SKeU=
github.com/gethugothemes/hugo-modules/components/cookie-consent v0.0.0-20240925042433-d2b5d05977e8/go.mod h1:511ERLpGe3ZTfV2z/NAtUSR5NqKF26h9z5lU/zYV4YQ=
github.com/gethugothemes/hugo-modules/components/crisp-chat v0.0.0-20240925042433-d2b5d05977e8 h1:6kmR95oBWLIPXMQ9BC8qdwEg3NfuQOuOE1gMJnH09t8=
github.com/gethugothemes/hugo-modules/components/crisp-chat v0.0.0-20240925042433-d2b5d05977e8/go.mod h1:qiV/PIeVY59RD2W885rFWc7b62uovQZO6VPFHeP5LT0=
github.com/gethugothemes/hugo-modules/components/custom-script v0.0.0-20240925042433-d2b5d05977e8 h1:b/zLhGA++K6BBuat2bc8LX1EUUgfbXr0csu3CBaR/9s=
github.com/gethugothemes/hugo-modules/components/custom-script v0.0.0-20240925042433-d2b5d05977e8/go.mod h1:RuDHq4WnK8sNEzAIJr4BZQ7oXhzcct/EKaAxc2Xvi9E=
github.com/gethugothemes/hugo-modules/components/preloader v0.0.0-20240925042433-d2b5d05977e8 h1:qXQgATaoB64NwDGxtEsN3dvL79eoJc8de7qzhY1qlGs=
github.com/gethugothemes/hugo-modules/components/preloader v0.0.0-20240925042433-d2b5d05977e8/go.mod h1:FP0iQ3tMOesuWFZhLst2KEvUEYPb5Jk1GW+QBP9lrwg=
github.com/gethugothemes/hugo-modules/components/render-link v0.0.0-20240925042433-d2b5d05977e8 h1:mK0hf8QyPHHT+vYTnAJ23R8S0oudNluyQ8N24Gg3Buk=
github.com/gethugothemes/hugo-modules/components/render-link v0.0.0-20240925042433-d2b5d05977e8/go.mod h1:z3YcIeEBUonAoRDY1/Jv1ojNVkZ5ud35a0Nn8L4Inx0=
github.com/gethugothemes/hugo-modules/components/social-share v0.0.0-20240925042433-d2b5d05977e8 h1:+cMV+5ctKpE5rL3gwHJphIWmIr0+PNJvsLhopiC8biY=
github.com/gethugothemes/hugo-modules/components/social-share v0.0.0-20240925042433-d2b5d05977e8/go.mod h1:Gcj4RM/EBECsJMZnPeWjfy/1roRYGqzV9GYNmeHkvFA=
github.com/gethugothemes/hugo-modules/components/valine-comment v0.0.0-20240925042433-d2b5d05977e8 h1:xhMTrj/8upliBaKqU4PCtS/LC2Fpk44XcPClpLIpINk=
github.com/gethugothemes/hugo-modules/components/valine-comment v0.0.0-20240925042433-d2b5d05977e8/go.mod h1:fqeY2MbVoFf9OB8dtyJTnfNNa3qChIX9wsY32VVBYrQ=
github.com/gethugothemes/hugo-modules/gzip-caching v0.0.0-20240925042433-d2b5d05977e8 h1:5/R8j8xG2tvH6bsBrrF1zG6JdBxzzGf7ITlgysgteI0=
github.com/gethugothemes/hugo-modules/gzip-caching v0.0.0-20240925042433-d2b5d05977e8/go.mod h1:0ZMjTZVG4XLZU2/icc8Saqo4mmgMpfRTrUZU2Aa2Pwg=
github.com/gethugothemes/hugo-modules/icons/font-awesome v0.0.0-20240925042433-d2b5d05977e8 h1:h2xHThbg1laJN6t2+bMr6dIAcD/b0IXBWOp+kJlzJec=
github.com/gethugothemes/hugo-modules/icons/font-awesome v0.0.0-20240925042433-d2b5d05977e8/go.mod h1:d3gy1vQyfasPmGpau7HpQLrXbOv23PfXclSnjyOBxeU=
github.com/gethugothemes/hugo-modules/images v0.0.0-20240925042433-d2b5d05977e8 h1:rGWMqcpmotd5G+q5HS9p9sC4GQF2hMxEesuJx8aKvKE=
github.com/gethugothemes/hugo-modules/images v0.0.0-20240925042433-d2b5d05977e8/go.mod h1:FKliP3qOW9diIcQeLtyZ0Hdhg3PL8bdAkC/6O+XtU90=
github.com/gethugothemes/hugo-modules/pwa v0.0.0-20240925042433-d2b5d05977e8 h1:cTObVCZAxl/yW2oVH3FVmg8npXqLWRemuJjXHnnTq0Y=
github.com/gethugothemes/hugo-modules/pwa v0.0.0-20240925042433-d2b5d05977e8/go.mod h1:TRv7iszdfo37O1PbBEE+S8X/enAdpRIxK5DGrp13Qbo=
github.com/gethugothemes/hugo-modules/seo-tools/baidu-analytics v0.0.0-20240925042433-d2b5d05977e8 h1:tsYuHy7SsoKlJkADdTrCJIXYs+NRyt0kc6qn+YvbxoU=
github.com/gethugothemes/hugo-modules/seo-tools/baidu-analytics v0.0.0-20240925042433-d2b5d05977e8/go.mod h1:D/bbq2hSHE+r582zpC3rEdvuk8GufDnq9sGL3xCk/C0=
github.com/gethugothemes/hugo-modules/seo-tools/basic-seo v0.0.0-20240925042433-d2b5d05977e8 h1:cyhgsUNA0Kr172aab/Iy/K11KODP/lTzlOxuNY497vA=
github.com/gethugothemes/hugo-modules/seo-tools/basic-seo v0.0.0-20240925042433-d2b5d05977e8/go.mod h1:Q8dPgjamV7pxwKSQyWV21Xwh5CGi23/k+M8HPTphYbs=
github.com/gethugothemes/hugo-modules/seo-tools/counter-analytics v0.0.0-20240925042433-d2b5d05977e8 h1:YpebNS5F+zV8yE9e8W3jHp81cj5/7zWieB34VUTWAOo=
github.com/gethugothemes/hugo-modules/seo-tools/counter-analytics v0.0.0-20240925042433-d2b5d05977e8/go.mod h1:3kPooRg0PWUkciccThPQbBvIpTfSCo7W9mc3a5GxXHs=
github.com/gethugothemes/hugo-modules/seo-tools/google-tag-manager v0.0.0-20240925042433-d2b5d05977e8 h1:WDiOV7iyIFGAUwQzDojoYSayovskKB3mPxm11mf99F4=
github.com/gethugothemes/hugo-modules/seo-tools/google-tag-manager v0.0.0-20240925042433-d2b5d05977e8/go.mod h1:cCq50yd55eFTrpqOfeyOK5X0hU5E7qxsqOD7IzTsgLA=
github.com/gethugothemes/hugo-modules/seo-tools/matomo-analytics v0.0.0-20240925042433-d2b5d05977e8 h1:GQ5hErPi3W4sHq9BTcqDoij2jtPB1Xp2dahl5y/pO1Q=
github.com/gethugothemes/hugo-modules/seo-tools/matomo-analytics v0.0.0-20240925042433-d2b5d05977e8/go.mod h1:P2GLltWjXFBJlatFKh4l6WOBszW7+f09myLkZoBBgEs=
github.com/gethugothemes/hugo-modules/seo-tools/plausible-analytics v0.0.0-20240925042433-d2b5d05977e8 h1:VmsGMFVCQgcCNsVuWicafA5fOdVTEBK80ndBj3flDN4=
github.com/gethugothemes/hugo-modules/seo-tools/plausible-analytics v0.0.0-20240925042433-d2b5d05977e8/go.mod h1:MOJtK8ttzyqQiqs0xQkk6xgPaxGbcH7WI5thobpNvqg=
github.com/gethugothemes/hugo-modules/seo-tools/site-verifications v0.0.0-20240925042433-d2b5d05977e8 h1:qlKzcEIQqvbw+q+7RynsqSMVSQ/UafD5Xe3B9A7VMF0=
github.com/gethugothemes/hugo-modules/seo-tools/site-verifications v0.0.0-20240925042433-d2b5d05977e8/go.mod h1:iXielaya126qJscz7Bc2G2WB91moloQOoWru6UoBUyE=
github.com/gethugothemes/hugo-modules/shortcodes/buttons v0.0.0-20240925042433-d2b5d05977e8 h1:cGcPthmzk2TzILc++IDjFpCdJms301p7Xi6pfMzIF70=
github.com/gethugothemes/hugo-modules/shortcodes/buttons v0.0.0-20240925042433-d2b5d05977e8/go.mod h1:hK/aFl0KkirVRFYnljg3c0qBAOwk4W5Isd+YN7UDMvg=
github.com/gethugothemes/hugo-modules/shortcodes/codepen v0.0.0-20240925042433-d2b5d05977e8 h1:NayJdgpxNzGKmlWHDEH/Wob3u5JAh+/dsHdUcsdMOsM=
github.com/gethugothemes/hugo-modules/shortcodes/codepen v0.0.0-20240925042433-d2b5d05977e8/go.mod h1:Y4eAJ7fkCSC6k6fl1+qF4DIoRepAYyB9Om4kBCAixcg=
github.com/gethugothemes/hugo-modules/shortcodes/collapse v0.0.0-20240925042433-d2b5d05977e8 h1:/ekDbxlWbloUT149PLaCKTORR7rKoeJaqOdOXlFsDSg=
github.com/gethugothemes/hugo-modules/shortcodes/collapse v0.0.0-20240925042433-d2b5d05977e8/go.mod h1:rBCFuR+QzMk0S1npR0zVDzgocFncOmyxWToJlRw4ZxU=
github.com/gethugothemes/hugo-modules/shortcodes/gallery v0.0.0-20240925042433-d2b5d05977e8 h1:AhY4qvFxv9J6UzbDwXsYHqyamTFBR6OaEv2LJOtfoBg=
github.com/gethugothemes/hugo-modules/shortcodes/gallery v0.0.0-20240925042433-d2b5d05977e8/go.mod h1:nPS/s/W7rrOwgt46g4/tOkBhiJzg61M6AzUbGbNTNKY=
github.com/gethugothemes/hugo-modules/shortcodes/notice v0.0.0-20240925042433-d2b5d05977e8 h1:OODdhrS3Fy9GTGvKzk704NfwR4p+1s4ymVrCPEGct1o=
github.com/gethugothemes/hugo-modules/shortcodes/notice v0.0.0-20240925042433-d2b5d05977e8/go.mod h1:ljWyMJx82WA+6SlKjbGFhEdxcriyvUTCjXkJHDa4lho=
github.com/gethugothemes/hugo-modules/shortcodes/table-of-contents v0.0.0-20240925042433-d2b5d05977e8 h1:UfZLrz9c/e6jZwNjJPRPOVL+k/vNIPzCve7QA9VcNbQ=
github.com/gethugothemes/hugo-modules/shortcodes/table-of-contents v0.0.0-20240925042433-d2b5d05977e8/go.mod h1:LKCp/rg9cHtfjHpIEYmpR8kuauI8JNN79nmdkFURXp0=
github.com/gethugothemes/hugo-modules/shortcodes/tabs v0.0.0-20240925042433-d2b5d05977e8 h1:wGiEHblbXl9qYzFcIoOk+LzNmhukToXjf+YVVFZwHvY=
github.com/gethugothemes/hugo-modules/shortcodes/tabs v0.0.0-20240925042433-d2b5d05977e8/go.mod h1:zaQhvQgsSOWfSm/zP3NbWWEfrxgrcdpBblljz2IA2vA=
github.com/gethugothemes/hugo-modules/shortcodes/video v0.0.0-20240925042433-d2b5d05977e8 h1:GmBpIrEhfkBG5MTw++XOvKqVUcqCMy0TFnPXGFOBL60=
github.com/gethugothemes/hugo-modules/shortcodes/video v0.0.0-20240925042433-d2b5d05977e8/go.mod h1:s5CHMBd7/NalnckFfRhZJvqXPY/QTrluDvRgZm7+Cr0=
github.com/gethugothemes/hugo-modules/shortcodes/vimeo-lite v0.0.0-20240925042433-d2b5d05977e8 h1:qtocOb+ChLWrYzeOZmlE7Rr084qXAgGp5T0cvJ02bcw=
github.com/gethugothemes/hugo-modules/shortcodes/vimeo-lite v0.0.0-20240925042433-d2b5d05977e8/go.mod h1:Ac9Ell5o+JV5DZ9dBgW767ZcSvoz/x+2UuFLvMoThwk=
github.com/gethugothemes/hugo-modules/shortcodes/youtube-lite v0.0.0-20240925042433-d2b5d05977e8 h1:37TeExumLSf8kV1MGGk8YgeloDASIRqejc+65YAZcAg=
github.com/gethugothemes/hugo-modules/shortcodes/youtube-lite v0.0.0-20240925042433-d2b5d05977e8/go.mod h1:DtWNw6au8NQg1Y0x470DstCHqjWZPnwm61Uu6ZIMy50=
github.com/gohugoio/hugo-mod-bootstrap-scss/v5 v5.20300.20200 h1:SmpwwN3DNzJWbV+IT8gaFu07ENUFpCvKou5BHYUKuVs=
github.com/gohugoio/hugo-mod-bootstrap-scss/v5 v5.20300.20200/go.mod h1:kx8MBj9T7SFR8ZClWvKZPmmUxBaltkoXvnWlZZcSnYA=
github.com/gohugoio/hugo-mod-jslibs-dist/popperjs/v2 v2.21100.20000/go.mod h1:mFberT6ZtcchrsDtfvJM7aAH2bDKLdOnruUHl0hlapI=
github.com/twbs/bootstrap v5.3.2+incompatible/go.mod h1:fZTSrkpSf0/HkL0IIJzvVspTt1r9zuf7XlZau8kpcY0=
