github.com/gethugothemes/hugo-modules/accordion v0.0.0-20240120062719-ef21cc42d8bc h1:IyPUFDTaCddXz/Cye7nD8zGgdGf5hGmEjlA4OTFmwHc=
github.com/gethugothemes/hugo-modules/accordion v0.0.0-20240120062719-ef21cc42d8bc/go.mod h1:D4DpauKPDcUHI9CVKYmJeO6bkSJIhUN864TyXZ2o0VI=
github.com/gethugothemes/hugo-modules/adsense v0.0.0-20240120062719-ef21cc42d8bc h1:FNJy+KNQzmDZ79l8a92sogpBzEKG6WwkAF1WmYP8kBU=
github.com/gethugothemes/hugo-modules/adsense v0.0.0-20240120062719-ef21cc42d8bc/go.mod h1:8p/gG/cyyu20z4q5cFN/JGE5TOFA55Xsp+aIP9KCsqo=
github.com/gethugothemes/hugo-modules/components/cookie-consent v0.0.0-20240120062719-ef21cc42d8bc h1:BQH5k9xbsfsd52uaeptVjnwMWjgb4KR3zT9fXyFNYAw=
github.com/gethugothemes/hugo-modules/components/cookie-consent v0.0.0-20240120062719-ef21cc42d8bc/go.mod h1:511ERLpGe3ZTfV2z/NAtUSR5NqKF26h9z5lU/zYV4YQ=
github.com/gethugothemes/hugo-modules/components/custom-script v0.0.0-20240120062719-ef21cc42d8bc h1:Mh53SgxkyYyMoRch/wNjSDktOJM2D7rAoOQmw0tdeYY=
github.com/gethugothemes/hugo-modules/components/custom-script v0.0.0-20240120062719-ef21cc42d8bc/go.mod h1:RuDHq4WnK8sNEzAIJr4BZQ7oXhzcct/EKaAxc2Xvi9E=
github.com/gethugothemes/hugo-modules/components/preloader v0.0.0-20240120062719-ef21cc42d8bc h1:82ASlYR7e9E9zSC/7dcqrmTvT1ssxVOgqz0UW1hJWMg=
github.com/gethugothemes/hugo-modules/components/preloader v0.0.0-20240120062719-ef21cc42d8bc/go.mod h1:FP0iQ3tMOesuWFZhLst2KEvUEYPb5Jk1GW+QBP9lrwg=
github.com/gethugothemes/hugo-modules/components/render-link v0.0.0-20240120062719-ef21cc42d8bc h1:N06IAYZ8FfhbAzSdyblgkWE8cXDzcnI5/zOvvDeI9ko=
github.com/gethugothemes/hugo-modules/components/render-link v0.0.0-20240120062719-ef21cc42d8bc/go.mod h1:z3YcIeEBUonAoRDY1/Jv1ojNVkZ5ud35a0Nn8L4Inx0=
github.com/gethugothemes/hugo-modules/components/social-share v0.0.0-20240120062719-ef21cc42d8bc h1:efd1ck+waz1MHHc+dEmMguxxJfZwXsR7svs1ZHAr9eU=
github.com/gethugothemes/hugo-modules/components/social-share v0.0.0-20240120062719-ef21cc42d8bc/go.mod h1:Gcj4RM/EBECsJMZnPeWjfy/1roRYGqzV9GYNmeHkvFA=
github.com/gethugothemes/hugo-modules/gallery-slider v0.0.0-20240120062719-ef21cc42d8bc h1:ozHOFVb3gNVhSz3WEuBAP/Q//YvSCOyAaCp/VYXt0Dk=
github.com/gethugothemes/hugo-modules/gallery-slider v0.0.0-20240120062719-ef21cc42d8bc/go.mod h1:MvQ2js/ofZ22CTX5wuvE+dC0rMe6C5HAWL2fEOu/yzE=
github.com/gethugothemes/hugo-modules/gzip-caching v0.0.0-20240120062719-ef21cc42d8bc h1:mQgm6vTwh21fQpLlt3ONWrtI5d+xtNvRZUzStyHKzYA=
github.com/gethugothemes/hugo-modules/gzip-caching v0.0.0-20240120062719-ef21cc42d8bc/go.mod h1:0ZMjTZVG4XLZU2/icc8Saqo4mmgMpfRTrUZU2Aa2Pwg=
github.com/gethugothemes/hugo-modules/icons/font-awesome v0.0.0-20240120062719-ef21cc42d8bc h1:SVKtvEw3Em21QbOiOBZzCjeV1lCf2S1OlA4dABhRwDo=
github.com/gethugothemes/hugo-modules/icons/font-awesome v0.0.0-20240120062719-ef21cc42d8bc/go.mod h1:d3gy1vQyfasPmGpau7HpQLrXbOv23PfXclSnjyOBxeU=
github.com/gethugothemes/hugo-modules/images v0.0.0-20240120062719-ef21cc42d8bc h1:DQ6y608Y3R98iAeXDMB3Ct3JXNOd3FuzRifQQKag4iY=
github.com/gethugothemes/hugo-modules/images v0.0.0-20240120062719-ef21cc42d8bc/go.mod h1:FKliP3qOW9diIcQeLtyZ0Hdhg3PL8bdAkC/6O+XtU90=
github.com/gethugothemes/hugo-modules/modal v0.0.0-20240120062719-ef21cc42d8bc h1:BRQtUo/IgDPNTQimtCN7Ur52E0kI+NCEzpeeTxRkkO0=
github.com/gethugothemes/hugo-modules/modal v0.0.0-20240120062719-ef21cc42d8bc/go.mod h1:Eb9v7oV6biymfvjcBhQdvgn0gUGYhUtfCMeOBLFpFsk=
github.com/gethugothemes/hugo-modules/pwa v0.0.0-20240120062719-ef21cc42d8bc h1:ByTdavYfgajJrfjOaO0bEfbeDmZPxx3AaOWSdgycdjM=
github.com/gethugothemes/hugo-modules/pwa v0.0.0-20240120062719-ef21cc42d8bc/go.mod h1:TRv7iszdfo37O1PbBEE+S8X/enAdpRIxK5DGrp13Qbo=
github.com/gethugothemes/hugo-modules/search v0.0.0-20240120062719-ef21cc42d8bc h1:VaNN9kjuWXuAMcgvZSCcbVvxc34VXHXajM6btBLnbPM=
github.com/gethugothemes/hugo-modules/search v0.0.0-20240120062719-ef21cc42d8bc/go.mod h1:tmDvLaZCM+QDvS/WLZXNjY1QTdWh7/68D2wIToECbyA=
github.com/gethugothemes/hugo-modules/seo-tools/basic-seo v0.0.0-20240120062719-ef21cc42d8bc h1:ed2pYt3pwHzrsadRNADK9cOV0mdLERdVnc5kuWn2rM4=
github.com/gethugothemes/hugo-modules/seo-tools/basic-seo v0.0.0-20240120062719-ef21cc42d8bc/go.mod h1:Q8dPgjamV7pxwKSQyWV21Xwh5CGi23/k+M8HPTphYbs=
github.com/gethugothemes/hugo-modules/seo-tools/google-tag-manager v0.0.0-20240120062719-ef21cc42d8bc h1:p+IAWfLqM09TtPVx8yub1tlR4vdqPnlD5Hjm5zbKDuk=
github.com/gethugothemes/hugo-modules/seo-tools/google-tag-manager v0.0.0-20240120062719-ef21cc42d8bc/go.mod h1:cCq50yd55eFTrpqOfeyOK5X0hU5E7qxsqOD7IzTsgLA=
github.com/gethugothemes/hugo-modules/seo-tools/site-verifications v0.0.0-20240120062719-ef21cc42d8bc h1:CnTQJntaWFoSvJpFDGFST/CcDRzeoKBwVO943Qfcs3A=
github.com/gethugothemes/hugo-modules/seo-tools/site-verifications v0.0.0-20240120062719-ef21cc42d8bc/go.mod h1:iXielaya126qJscz7Bc2G2WB91moloQOoWru6UoBUyE=
github.com/gethugothemes/hugo-modules/shortcodes/button v0.0.0-20240120062719-ef21cc42d8bc h1:/ykfjoufaQ1HH+gdvsn4u/CsC70kCb/UFY+afVsRiJg=
github.com/gethugothemes/hugo-modules/shortcodes/button v0.0.0-20240120062719-ef21cc42d8bc/go.mod h1:MSvxGvjvcGUKTs6YMATU/9kYFrzW+VSVdy4CCOQLdsY=
github.com/gethugothemes/hugo-modules/shortcodes/image v0.0.0-20220509155302-5976ca1fea3c h1:dra8YUAPnksZ0ce3d8Dw50/bYA17VsnAVGfkbGY18nQ=
github.com/gethugothemes/hugo-modules/shortcodes/image v0.0.0-20220509155302-5976ca1fea3c/go.mod h1:HQLF/WH52nSjSIo3DeztUZ+wLj+UlgeR2dwgtE2EqUg=
github.com/gethugothemes/hugo-modules/shortcodes/notice v0.0.0-20240120062719-ef21cc42d8bc h1:6SQtCcnZ20SKdbvLOnZaIPcOeHHGkaWa0FEEtQ468dw=
github.com/gethugothemes/hugo-modules/shortcodes/notice v0.0.0-20240120062719-ef21cc42d8bc/go.mod h1:ljWyMJx82WA+6SlKjbGFhEdxcriyvUTCjXkJHDa4lho=
github.com/gethugothemes/hugo-modules/tab v0.0.0-20240120062719-ef21cc42d8bc h1:lagi8QuX2O+Iv/ja2C96dGZiowReZDYxJZ1DpWkRRb4=
github.com/gethugothemes/hugo-modules/tab v0.0.0-20240120062719-ef21cc42d8bc/go.mod h1:h3UxlxrFoU19JldxWLPBKaTZFe3AJtABrqo1wfxr+Ng=
github.com/gethugothemes/hugo-modules/table-of-contents v0.0.0-20240120062719-ef21cc42d8bc h1:Z5+vwD5kmqvJHD8WQ5x2W1HFIBuORrJQYk3lQiUFgu8=
github.com/gethugothemes/hugo-modules/table-of-contents v0.0.0-20240120062719-ef21cc42d8bc/go.mod h1:bEDw4veccQQQYEdVrfu13ATRUWfW8ptDIjJZuhYh4Tw=
github.com/gethugothemes/hugo-modules/videos v0.0.0-20240120062719-ef21cc42d8bc h1:YRb3xcwQwYHjtMxuDLsZT/AmuWOP8ZFhm9nbKNZpXjk=
github.com/gethugothemes/hugo-modules/videos v0.0.0-20240120062719-ef21cc42d8bc/go.mod h1:P722lLWdnNhdZVq6gvMrOLqECUwrAYQWaOWlChta5H0=
github.com/gohugoio/hugo-mod-bootstrap-scss/v5 v5.20300.20200 h1:SmpwwN3DNzJWbV+IT8gaFu07ENUFpCvKou5BHYUKuVs=
github.com/gohugoio/hugo-mod-bootstrap-scss/v5 v5.20300.20200/go.mod h1:kx8MBj9T7SFR8ZClWvKZPmmUxBaltkoXvnWlZZcSnYA=
github.com/gohugoio/hugo-mod-jslibs-dist/popperjs/v2 v2.21100.20000/go.mod h1:mFberT6ZtcchrsDtfvJM7aAH2bDKLdOnruUHl0hlapI=
github.com/twbs/bootstrap v5.3.2+incompatible/go.mod h1:fZTSrkpSf0/HkL0IIJzvVspTt1r9zuf7XlZau8kpcY0=
github.com/zeon-studio/hugoplate v0.0.0-20240110020211-1fe4fc478ee0 h1:r+LqGD3LVZ3F41mZYfhxBm5J1d7VSi5lYbtlkvMmtps=
github.com/zeon-studio/hugoplate v0.0.0-20240110020211-1fe4fc478ee0/go.mod h1:YlRIwdTWidquf1dhtx+mDfu0I3KVrVQB4wi4UmHlK3E=
